
Microsoft Visual Studio Solution File, Format Version 12.00
# Visual Studio 15
VisualStudioVersion = 15.0.27130.2027
MinimumVisualStudioVersion = 10.0.40219.1
Project("{FAE04EC0-301F-11D3-BF4B-00C04F79EFBC}") = "EPS3", "EPS3\EPS3.csproj", "{34347D06-B798-4A67-B561-97A9DF8176CB}"
EndProject
Global
	GlobalSection(SolutionConfigurationPlatforms) = preSolution
		Debug|Any CPU = Debug|Any CPU
		Release|Any CPU = Release|Any CPU
	EndGlobalSection
	GlobalSection(ProjectConfigurationPlatforms) = postSolution
		{34347D06-B798-4A67-B561-97A9DF8176CB}.Debug|Any CPU.ActiveCfg = Debug|Any CPU
		{34347D06-B798-4A67-B561-97A9DF8176CB}.Debug|Any CPU.Build.0 = Debug|Any CPU
		{34347D06-B798-4A67-B561-97A9DF8176CB}.Release|Any CPU.ActiveCfg = Release|Any CPU
		{34347D06-B798-4A67-B561-97A9DF8176CB}.Release|Any CPU.Build.0 = Release|Any CPU
	EndGlobalSection
	GlobalSection(SolutionProperties) = preSolution
		HideSolutionNode = FALSE
	EndGlobalSection
	GlobalSection(ExtensibilityGlobals) = postSolution
		SolutionGuid = {60BA4D96-15C0-4F21-99A9-36E9742117F7}
	EndGlobalSection
EndGlobal
